// !$*UTF8*$!
{
	archiveVersion = 1;
	classes = {
	};
	objectVersion = 50;
	objects = {

/* Begin PBXBuildFile section */
		9B22BAD2210A56E4003D6652 /* main.swift in Sources */ = {isa = PBXBuildFile; fileRef = 9B22BAD1210A56E4003D6652 /* main.swift */; };
		9B22BADA210A5702003D6652 /* Employee.swift in Sources */ = {isa = PBXBuildFile; fileRef = 9B22BAD9210A5702003D6652 /* Employee.swift */; };
		9B22BADD210A574F003D6652 /* Fulltime.swift in Sources */ = {isa = PBXBuildFile; fileRef = 9B22BADC210A574F003D6652 /* Fulltime.swift */; };
		9B22BADF210A5788003D6652 /* Inten.swift in Sources */ = {isa = PBXBuildFile; fileRef = 9B22BADE210A5788003D6652 /* Inten.swift */; };
		9B22BAE1210A579D003D6652 /* Vehicle.swift in Sources */ = {isa = PBXBuildFile; fileRef = 9B22BAE0210A579D003D6652 /* Vehicle.swift */; };
		9B22BAE3210A57B4003D6652 /* Car.swift in Sources */ = {isa = PBXBuildFile; fileRef = 9B22BAE2210A57B4003D6652 /* Car.swift */; };
		9B22BAE5210A57D5003D6652 /* Motor Cycle.swift in Sources */ = {isa = PBXBuildFile; fileRef = 9B22BAE4210A57D5003D6652 /* Motor Cycle.swift */; };
		9B22BAE7210A5837003D6652 /* CommisionBasedPartTime.swift in Sources */ = {isa = PBXBuildFile; fileRef = 9B22BAE6210A5837003D6652 /* CommisionBasedPartTime.swift */; };
		9B22BAE9210A5855003D6652 /* FixedBasedPartTime.swift in Sources */ = {isa = PBXBuildFile; fileRef = 9B22BAE8210A5855003D6652 /* FixedBasedPartTime.swift */; };
		9B22BAEB210A5865003D6652 /* Iprintable.swift in Sources */ = {isa = PBXBuildFile; fileRef = 9B22BAEA210A5865003D6652 /* Iprintable.swift */; };
		9BBD3B7D210BA187007DF140 /* Parttime.swift in Sources */ = {isa = PBXBuildFile; fileRef = 9BBD3B7C210BA187007DF140 /* Parttime.swift */; };
/* End PBXBuildFile section */

/* Begin PBXCopyFilesBuildPhase section */
		9B22BACC210A56E4003D6652 /* CopyFiles */ = {
			isa = PBXCopyFilesBuildPhase;
			buildActionMask = 2147483647;
			dstPath = /usr/share/man/man1/;
			dstSubfolderSpec = 0;
			files = (
			);
			runOnlyForDeploymentPostprocessing = 1;
		};
/* End PBXCopyFilesBuildPhase section */

/* Begin PBXFileReference section */
		9B22BACE210A56E4003D6652 /* final project */ = {isa = PBXFileReference; explicitFileType = "compiled.mach-o.executable"; includeInIndex = 0; path = "final project"; sourceTree = BUILT_PRODUCTS_DIR; };
		9B22BAD1210A56E4003D6652 /* main.swift */ = {isa = PBXFileReference; lastKnownFileType = sourcecode.swift; path = main.swift; sourceTree = "<group>"; };
		9B22BAD9210A5702003D6652 /* Employee.swift */ = {isa = PBXFileReference; lastKnownFileType = sourcecode.swift; path = Employee.swift; sourceTree = "<group>"; };
		9B22BADC210A574F003D6652 /* Fulltime.swift */ = {isa = PBXFileReference; lastKnownFileType = sourcecode.swift; path = Fulltime.swift; sourceTree = "<group>"; };
		9B22BADE210A5788003D6652 /* Inten.swift */ = {isa = PBXFileReference; lastKnownFileType = sourcecode.swift; path = Inten.swift; sourceTree = "<group>"; };
		9B22BAE0210A579D003D6652 /* Vehicle.swift */ = {isa = PBXFileReference; lastKnownFileType = sourcecode.swift; path = Vehicle.swift; sourceTree = "<group>"; };
		9B22BAE2210A57B4003D6652 /* Car.swift */ = {isa = PBXFileReference; lastKnownFileType = sourcecode.swift; path = Car.swift; sourceTree = "<group>"; };
		9B22BAE4210A57D5003D6652 /* Motor Cycle.swift */ = {isa = PBXFileReference; lastKnownFileType = sourcecode.swift; path = "Motor Cycle.swift"; sourceTree = "<group>"; };
		9B22BAE6210A5837003D6652 /* CommisionBasedPartTime.swift */ = {isa = PBXFileReference; lastKnownFileType = sourcecode.swift; path = CommisionBasedPartTime.swift; sourceTree = "<group>"; };
		9B22BAE8210A5855003D6652 /* FixedBasedPartTime.swift */ = {isa = PBXFileReference; lastKnownFileType = sourcecode.swift; path = FixedBasedPartTime.swift; sourceTree = "<group>"; };
		9B22BAEA210A5865003D6652 /* Iprintable.swift */ = {isa = PBXFileReference; lastKnownFileType = sourcecode.swift; path = Iprintable.swift; sourceTree = "<group>"; };
		9BBD3B7C210BA187007DF140 /* Parttime.swift */ = {isa = PBXFileReference; lastKnownFileType = sourcecode.swift; path = Parttime.swift; sourceTree = "<group>"; };
/* End PBXFileReference section */

/* Begin PBXFrameworksBuildPhase section */
		9B22BACB210A56E4003D6652 /* Frameworks */ = {
			isa = PBXFrameworksBuildPhase;
			buildActionMask = 2147483647;
			files = (
			);
			runOnlyForDeploymentPostprocessing = 0;
		};
/* End PBXFrameworksBuildPhase section */

/* Begin PBXGroup section */
		9B22BAC5210A56E4003D6652 = {
			isa = PBXGroup;
			children = (
				9B22BAD0210A56E4003D6652 /* final project */,
				9B22BACF210A56E4003D6652 /* Products */,
			);
			sourceTree = "<group>";
		};
		9B22BACF210A56E4003D6652 /* Products */ = {
			isa = PBXGroup;
			children = (
				9B22BACE210A56E4003D6652 /* final project */,
			);
			name = Products;
			sourceTree = "<group>";
		};
		9B22BAD0210A56E4003D6652 /* final project */ = {
			isa = PBXGroup;
			children = (
				9B22BAD8210A56F3003D6652 /* New Group */,
				9B22BAD1210A56E4003D6652 /* main.swift */,
			);
			path = "final project";
			sourceTree = "<group>";
		};
		9B22BAD8210A56F3003D6652 /* New Group */ = {
			isa = PBXGroup;
			children = (
				9B22BAD9210A5702003D6652 /* Employee.swift */,
				9B22BADC210A574F003D6652 /* Fulltime.swift */,
				9B22BADE210A5788003D6652 /* Inten.swift */,
				9B22BAE0210A579D003D6652 /* Vehicle.swift */,
				9B22BAE2210A57B4003D6652 /* Car.swift */,
				9B22BAE4210A57D5003D6652 /* Motor Cycle.swift */,
				9B22BAE6210A5837003D6652 /* CommisionBasedPartTime.swift */,
				9B22BAE8210A5855003D6652 /* FixedBasedPartTime.swift */,
				9B22BAEA210A5865003D6652 /* Iprintable.swift */,
				9BBD3B7C210BA187007DF140 /* Parttime.swift */,
			);
			path = "New Group";
			sourceTree = "<group>";
		};
/* End PBXGroup section */

/* Begin PBXNativeTarget section */
		9B22BACD210A56E4003D6652 /* final project */ = {
			isa = PBXNativeTarget;
			buildConfigurationList = 9B22BAD5210A56E4003D6652 /* Build configuration list for PBXNativeTarget "final project" */;
			buildPhases = (
				9B22BACA210A56E4003D6652 /* Sources */,
				9B22BACB210A56E4003D6652 /* Frameworks */,
				9B22BACC210A56E4003D6652 /* CopyFiles */,
			);
			buildRules = (
			);
			dependencies = (
			);
			name = "final project";
			productName = "final project";
			productReference = 9B22BACE210A56E4003D6652 /* final project */;
			productType = "com.apple.product-type.tool";
		};
/* End PBXNativeTarget section */

/* Begin PBXProject section */
		9B22BAC6210A56E4003D6652 /* Project object */ = {
			isa = PBXProject;
			attributes = {
				LastSwiftUpdateCheck = 0930;
				LastUpgradeCheck = 0930;
				ORGANIZATIONNAME = MacStudent;
				TargetAttributes = {
					9B22BACD210A56E4003D6652 = {
						CreatedOnToolsVersion = 9.3;
					};
				};
			};
			buildConfigurationList = 9B22BAC9210A56E4003D6652 /* Build configuration list for PBXProject "final project" */;
			compatibilityVersion = "Xcode 9.3";
			developmentRegion = en;
			hasScannedForEncodings = 0;
			knownRegions = (
				en,
			);
			mainGroup = 9B22BAC5210A56E4003D6652;
			productRefGroup = 9B22BACF210A56E4003D6652 /* Products */;
			projectDirPath = "";
			projectRoot = "";
			targets = (
				9B22BACD210A56E4003D6652 /* final project */,
			);
		};
/* End PBXProject section */

/* Begin PBXSourcesBuildPhase section */
		9B22BACA210A56E4003D6652 /* Sources */ = {
			isa = PBXSourcesBuildPhase;
			buildActionMask = 2147483647;
			files = (
				9B22BADF210A5788003D6652 /* Inten.swift in Sources */,
				9B22BAEB210A5865003D6652 /* Iprintable.swift in Sources */,
				9B22BAD2210A56E4003D6652 /* main.swift in Sources */,
				9B22BAE7210A5837003D6652 /* CommisionBasedPartTime.swift in Sources */,
				9B22BAE3210A57B4003D6652 /* Car.swift in Sources */,
				9BBD3B7D210BA187007DF140 /* Parttime.swift in Sources */,
				9B22BAE9210A5855003D6652 /* FixedBasedPartTime.swift in Sources */,
				9B22BAE5210A57D5003D6652 /* Motor Cycle.swift in Sources */,
				9B22BADA210A5702003D6652 /* Employee.swift in Sources */,
				9B22BAE1210A579D003D6652 /* Vehicle.swift in Sources */,
				9B22BADD210A574F003D6652 /* Fulltime.swift in Sources */,
			);
			runOnlyForDeploymentPostprocessing = 0;
		};
/* End PBXSourcesBuildPhase section */

/* Begin XCBuildConfiguration section */
		9B22BAD3210A56E4003D6652 /* Debug */ = {
			isa = XCBuildConfiguration;
			buildSettings = {
				ALWAYS_SEARCH_USER_PATHS = NO;
				CLANG_ANALYZER_NONNULL = YES;
				CLANG_ANALYZER_NUMBER_OBJECT_CONVERSION = YES_AGGRESSIVE;
				CLANG_CXX_LANGUAGE_STANDARD = "gnu++14";
				CLANG_CXX_LIBRARY = "libc++";
				CLANG_ENABLE_MODULES = YES;
				CLANG_ENABLE_OBJC_ARC = YES;
				CLANG_ENABLE_OBJC_WEAK = YES;
				CLANG_WARN_BLOCK_CAPTURE_AUTORELEASING = YES;
				CLANG_WARN_BOOL_CONVERSION = YES;
				CLANG_WARN_COMMA = YES;
				CLANG_WARN_CONSTANT_CONVERSION = YES;
				CLANG_WARN_DEPRECATED_OBJC_IMPLEMENTATIONS = YES;
				CLANG_WARN_DIRECT_OBJC_ISA_USAGE = YES_ERROR;
				CLANG_WARN_DOCUMENTATION_COMMENTS = YES;
				CLANG_WARN_EMPTY_BODY = YES;
				CLANG_WARN_ENUM_CONVERSION = YES;
				CLANG_WARN_INFINITE_RECURSION = YES;
				CLANG_WARN_INT_CONVERSION = YES;
				CLANG_WARN_NON_LITERAL_NULL_CONVERSION = YES;
				CLANG_WARN_OBJC_IMPLICIT_RETAIN_SELF = YES;
				CLANG_WARN_OBJC_LITERAL_CONVERSION = YES;
				CLANG_WARN_OBJC_ROOT_CLASS = YES_ERROR;
				CLANG_WARN_RANGE_LOOP_ANALYSIS = YES;
				CLANG_WARN_STRICT_PROTOTYPES = YES;
				CLANG_WARN_SUSPICIOUS_MOVE = YES;
				CLANG_WARN_UNGUARDED_AVAILABILITY = YES_AGGRESSIVE;
				CLANG_WARN_UNREACHABLE_CODE = YES;
				CLANG_WARN__DUPLICATE_METHOD_MATCH = YES;
				CODE_SIGN_IDENTITY = "-";
				COPY_PHASE_STRIP = NO;
				DEBUG_INFORMATION_FORMAT = dwarf;
				ENABLE_STRICT_OBJC_MSGSEND = YES;
				ENABLE_TESTABILITY = YES;
				GCC_C_LANGUAGE_STANDARD = gnu11;
				GCC_DYNAMIC_NO_PIC = NO;
				GCC_NO_COMMON_BLOCKS = YES;
				GCC_OPTIMIZATION_LEVEL = 0;
				GCC_PREPROCESSOR_DEFINITIONS = (
					"DEBUG=1",
					"$(inherited)",
				);
				GCC_WARN_64_TO_32_BIT_CONVERSION = YES;
				GCC_WARN_ABOUT_RETURN_TYPE = YES_ERROR;
				GCC_WARN_UNDECLARED_SELECTOR = YES;
				GCC_WARN_UNINITIALIZED_AUTOS = YES_AGGRESSIVE;
				GCC_WARN_UNUSED_FUNCTION = YES;
				GCC_WARN_UNUSED_VARIABLE = YES;
				MACOSX_DEPLOYMENT_TARGET = 10.13;
				MTL_ENABLE_DEBUG_INFO = YES;
				ONLY_ACTIVE_ARCH = YES;
				SDKROOT = macosx;
				SWIFT_ACTIVE_COMPILATION_CONDITIONS = DEBUG;
				SWIFT_OPTIMIZATION_LEVEL = "-Onone";
			};
			name = Debug;
		};
		9B22BAD4210A56E4003D6652 /* Release */ = {
			isa = XCBuildConfiguration;
			buildSettings = {
				ALWAYS_SEARCH_USER_PATHS = NO;
				CLANG_ANALYZER_NONNULL = YES;
				CLANG_ANALYZER_NUMBER_OBJECT_CONVERSION = YES_AGGRESSIVE;
				CLANG_CXX_LANGUAGE_STANDARD = "gnu++14";
				CLANG_CXX_LIBRARY = "libc++";
				CLANG_ENABLE_MODULES = YES;
				CLANG_ENABLE_OBJC_ARC = YES;
				CLANG_ENABLE_OBJC_WEAK = YES;
				CLANG_WARN_BLOCK_CAPTURE_AUTORELEASING = YES;
				CLANG_WARN_BOOL_CONVERSION = YES;
				CLANG_WARN_COMMA = YES;
				CLANG_WARN_CONSTANT_CONVERSION = YES;
				CLANG_WARN_DEPRECATED_OBJC_IMPLEMENTATIONS = YES;
				CLANG_WARN_DIRECT_OBJC_ISA_USAGE = YES_ERROR;
				CLANG_WARN_DOCUMENTATION_COMMENTS = YES;
				CLANG_WARN_EMPTY_BODY = YES;
				CLANG_WARN_ENUM_CONVERSION = YES;
				CLANG_WARN_INFINITE_RECURSION = YES;
				CLANG_WARN_INT_CONVERSION = YES;
				CLANG_WARN_NON_LITERAL_NULL_CONVERSION = YES;
				CLANG_WARN_OBJC_IMPLICIT_RETAIN_SELF = YES;
				CLANG_WARN_OBJC_LITERAL_CONVERSION = YES;
				CLANG_WARN_OBJC_ROOT_CLASS = YES_ERROR;
				CLANG_WARN_RANGE_LOOP_ANALYSIS = YES;
				CLANG_WARN_STRICT_PROTOTYPES = YES;
				CLANG_WARN_SUSPICIOUS_MOVE = YES;
				CLANG_WARN_UNGUARDED_AVAILABILITY = YES_AGGRESSIVE;
				CLANG_WARN_UNREACHABLE_CODE = YES;
				CLANG_WARN__DUPLICATE_METHOD_MATCH = YES;
				CODE_SIGN_IDENTITY = "-";
				COPY_PHASE_STRIP = NO;
				DEBUG_INFORMATION_FORMAT = "dwarf-with-dsym";
				ENABLE_NS_ASSERTIONS = NO;
				ENABLE_STRICT_OBJC_MSGSEND = YES;
				GCC_C_LANGUAGE_STANDARD = gnu11;
				GCC_NO_COMMON_BLOCKS = YES;
				GCC_WARN_64_TO_32_BIT_CONVERSION = YES;
				GCC_WARN_ABOUT_RETURN_TYPE = YES_ERROR;
				GCC_WARN_UNDECLARED_SELECTOR = YES;
				GCC_WARN_UNINITIALIZED_AUTOS = YES_AGGRESSIVE;
				GCC_WARN_UNUSED_FUNCTION = YES;
				GCC_WARN_UNUSED_VARIABLE = YES;
				MACOSX_DEPLOYMENT_TARGET = 10.13;
				MTL_ENABLE_DEBUG_INFO = NO;
				SDKROOT = macosx;
				SWIFT_COMPILATION_MODE = wholemodule;
				SWIFT_OPTIMIZATION_LEVEL = "-O";
			};
			name = Release;
		};
		9B22BAD6210A56E4003D6652 /* Debug */ = {
			isa = XCBuildConfiguration;
			buildSettings = {
				CODE_SIGN_STYLE = Automatic;
				PRODUCT_NAME = "$(TARGET_NAME)";
				SWIFT_VERSION = 4.0;
			};
			name = Debug;
		};
		9B22BAD7210A56E4003D6652 /* Release */ = {
			isa = XCBuildConfiguration;
			buildSettings = {
				CODE_SIGN_STYLE = Automatic;
				PRODUCT_NAME = "$(TARGET_NAME)";
				SWIFT_VERSION = 4.0;
			};
			name = Release;
		};
/* End XCBuildConfiguration section */

/* Begin XCConfigurationList section */
		9B22BAC9210A56E4003D6652 /* Build configuration list for PBXProject "final project" */ = {
			isa = XCConfigurationList;
			buildConfigurations = (
				9B22BAD3210A56E4003D6652 /* Debug */,
				9B22BAD4210A56E4003D6652 /* Release */,
			);
			defaultConfigurationIsVisible = 0;
			defaultConfigurationName = Release;
		};
		9B22BAD5210A56E4003D6652 /* Build configuration list for PBXNativeTarget "final project" */ = {
			isa = XCConfigurationList;
			buildConfigurations = (
				9B22BAD6210A56E4003D6652 /* Debug */,
				9B22BAD7210A56E4003D6652 /* Release */,
			);
			defaultConfigurationIsVisible = 0;
			defaultConfigurationName = Release;
		};
/* End XCConfigurationList section */
	};
	rootObject = 9B22BAC6210A56E4003D6652 /* Project object */;
}
